
Microsoft Visual Studio Solution File, Format Version 12.00
# Visual Studio Version 17
VisualStudioVersion = 17.2.32630.192
MinimumVisualStudioVersion = 10.0.40219.1
Project("{FAE04EC0-301F-11D3-BF4B-00C04F79EFBC}") = "Library-API", "Library-API\Library-API.csproj", "{BCA1263F-B19E-4422-BE17-774E98E86E30}"
EndProject
Global
	GlobalSection(SolutionConfigurationPlatforms) = preSolution
		Debug|Any CPU = Debug|Any CPU
		Release|Any CPU = Release|Any CPU
	EndGlobalSection
	GlobalSection(ProjectConfigurationPlatforms) = postSolution
		{BCA1263F-B19E-4422-BE17-774E98E86E30}.Debug|Any CPU.ActiveCfg = Debug|Any CPU
		{BCA1263F-B19E-4422-BE17-774E98E86E30}.Debug|Any CPU.Build.0 = Debug|Any CPU
		{BCA1263F-B19E-4422-BE17-774E98E86E30}.Release|Any CPU.ActiveCfg = Release|Any CPU
		{BCA1263F-B19E-4422-BE17-774E98E86E30}.Release|Any CPU.Build.0 = Release|Any CPU
	EndGlobalSection
	GlobalSection(SolutionProperties) = preSolution
		HideSolutionNode = FALSE
	EndGlobalSection
	GlobalSection(ExtensibilityGlobals) = postSolution
		SolutionGuid = {212CEFD2-D3D3-4632-8E49-1F168EB76464}
	EndGlobalSection
EndGlobal
